// !$*UTF8*$!
{
	archiveVersion = 1;
	classes = {
	};
	objectVersion = 50;
	objects = {

/* Begin PBXBuildFile section */
		B306518026F4F87D00852CE8 /* SampleUserData.swift in Sources */ = {isa = PBXBuildFile; fileRef = B306517C26F4D84900852CE8 /* SampleUserData.swift */; };
		B306518126F4F88500852CE8 /* SampleUserData.swift in Sources */ = {isa = PBXBuildFile; fileRef = B306517C26F4D84900852CE8 /* SampleUserData.swift */; };
		B33D8D1126F3610A00720C48 /* TaskIcon.swift in Sources */ = {isa = PBXBuildFile; fileRef = B33D8D1026F3610A00720C48 /* TaskIcon.swift */; };
		B33ED7C826EC01D100F23892 /* Assessment.swift in Sources */ = {isa = PBXBuildFile; fileRef = B39C775026E90309001E48D7 /* Assessment.swift */; };
		B33ED7C926EC01F700F23892 /* GradingStyle.swift in Sources */ = {isa = PBXBuildFile; fileRef = B361E62626EBFEF500A430E8 /* GradingStyle.swift */; };
		B3458AA426ECC1D700DD42BB /* GradingStyleTest.swift in Sources */ = {isa = PBXBuildFile; fileRef = B3458AA326ECC1D700DD42BB /* GradingStyleTest.swift */; };
		B3458AA526ECC2E100DD42BB /* GradingFunctionality.swift in Sources */ = {isa = PBXBuildFile; fileRef = B3C7C9BD26E7D34800A5A46C /* GradingFunctionality.swift */; };
		B361692126E93DCE001DAE26 /* TaskFunctionality.swift in Sources */ = {isa = PBXBuildFile; fileRef = B361692026E93DCE001DAE26 /* TaskFunctionality.swift */; };
		B361692326E950E3001DAE26 /* TaskStatus.swift in Sources */ = {isa = PBXBuildFile; fileRef = B361692226E950E3001DAE26 /* TaskStatus.swift */; };
		B3801EC8270CA90D006EC19D /* Fields.txt in Resources */ = {isa = PBXBuildFile; fileRef = B3801EC7270CA90D006EC19D /* Fields.txt */; };
		B3801ECA270CAB67006EC19D /* AddTab.storyboard in Resources */ = {isa = PBXBuildFile; fileRef = B3801EC9270CAB67006EC19D /* AddTab.storyboard */; };
		B3801ECC270CB4C2006EC19D /* TabBar.swift in Sources */ = {isa = PBXBuildFile; fileRef = B3801ECB270CB4C2006EC19D /* TabBar.swift */; };
		B39C775326E90313001E48D7 /* Module.swift in Sources */ = {isa = PBXBuildFile; fileRef = B39C775226E90313001E48D7 /* Module.swift */; };
		B39C775526E9031E001E48D7 /* Period.swift in Sources */ = {isa = PBXBuildFile; fileRef = B39C775426E9031E001E48D7 /* Period.swift */; };
		B3C7C8F226E75EF900A5A46C /* AppDelegate.swift in Sources */ = {isa = PBXBuildFile; fileRef = B3C7C8F126E75EF900A5A46C /* AppDelegate.swift */; };
		B3C7C8F426E75EF900A5A46C /* SceneDelegate.swift in Sources */ = {isa = PBXBuildFile; fileRef = B3C7C8F326E75EF900A5A46C /* SceneDelegate.swift */; };
		B3C7C8FB26E75EFA00A5A46C /* Assets.xcassets in Resources */ = {isa = PBXBuildFile; fileRef = B3C7C8FA26E75EFA00A5A46C /* Assets.xcassets */; };
		B3C7C92A26E7608700A5A46C /* Grade.swift in Sources */ = {isa = PBXBuildFile; fileRef = B3C7C90726E7608700A5A46C /* Grade.swift */; };
		B3C7C92B26E7608700A5A46C /* UKAlevel.json in Resources */ = {isa = PBXBuildFile; fileRef = B3C7C90826E7608700A5A46C /* UKAlevel.json */; };
		B3C7C92C26E7608700A5A46C /* UKDegreeClassification.json in Resources */ = {isa = PBXBuildFile; fileRef = B3C7C90926E7608700A5A46C /* UKDegreeClassification.json */; };
		B3C7C93726E7608700A5A46C /* Exam.swift in Sources */ = {isa = PBXBuildFile; fileRef = B3C7C91726E7608700A5A46C /* Exam.swift */; };
		B3C7C93826E7608700A5A46C /* Quiz.swift in Sources */ = {isa = PBXBuildFile; fileRef = B3C7C91826E7608700A5A46C /* Quiz.swift */; };
		B3C7C93926E7608700A5A46C /* Session.swift in Sources */ = {isa = PBXBuildFile; fileRef = B3C7C91926E7608700A5A46C /* Session.swift */; };
		B3C7C93D26E7608700A5A46C /* ModuleTableViewCell.xib in Resources */ = {isa = PBXBuildFile; fileRef = B3C7C91F26E7608700A5A46C /* ModuleTableViewCell.xib */; };
		B3C7C94026E7608700A5A46C /* ModuleTableViewCell.swift in Sources */ = {isa = PBXBuildFile; fileRef = B3C7C92326E7608700A5A46C /* ModuleTableViewCell.swift */; };
		B3C7C94126E7608700A5A46C /* HeaderTableViewCell.xib in Resources */ = {isa = PBXBuildFile; fileRef = B3C7C92426E7608700A5A46C /* HeaderTableViewCell.xib */; };
		B3C7C94226E7608700A5A46C /* HeaderTableViewCell.swift in Sources */ = {isa = PBXBuildFile; fileRef = B3C7C92526E7608700A5A46C /* HeaderTableViewCell.swift */; };
		B3C7C95A26E79E8100A5A46C /* RussiaFivePointsSystem.json in Resources */ = {isa = PBXBuildFile; fileRef = B3C7C95926E79E8100A5A46C /* RussiaFivePointsSystem.json */; };
		B3C7C96526E7AC1500A5A46C /* LaunchScreen.storyboard in Resources */ = {isa = PBXBuildFile; fileRef = B3C7C96126E7AC1500A5A46C /* LaunchScreen.storyboard */; };
		B3C7C96726E7AE5B00A5A46C /* Main.storyboard in Resources */ = {isa = PBXBuildFile; fileRef = B3C7C96326E7AC1500A5A46C /* Main.storyboard */; };
		B3C7C9B426E7B7AC00A5A46C /* SaveMyGradesTests.swift in Sources */ = {isa = PBXBuildFile; fileRef = B3C7C9B326E7B7AC00A5A46C /* SaveMyGradesTests.swift */; };
		B3C7C9BC26E7CC7C00A5A46C /* ValidationError.swift in Sources */ = {isa = PBXBuildFile; fileRef = B3C7C9BB26E7CC7C00A5A46C /* ValidationError.swift */; };
		B3DBBC1726F2738500730501 /* ActionsTab.storyboard in Resources */ = {isa = PBXBuildFile; fileRef = B3DBBC1626F2738500730501 /* ActionsTab.storyboard */; };
		B3DBBC1926F276D100730501 /* ModulesTab.storyboard in Resources */ = {isa = PBXBuildFile; fileRef = B3DBBC1826F276D100730501 /* ModulesTab.storyboard */; };
		B3DBBC1D26F279B200730501 /* PeriodSelector.swift in Sources */ = {isa = PBXBuildFile; fileRef = B3DBBC1B26F279B200730501 /* PeriodSelector.swift */; };
		B3DBBC1E26F279B200730501 /* PeriodSelector.xib in Resources */ = {isa = PBXBuildFile; fileRef = B3DBBC1C26F279B200730501 /* PeriodSelector.xib */; };
		B3DBBC2126F27AA400730501 /* ModulesController.swift in Sources */ = {isa = PBXBuildFile; fileRef = B3DBBC2026F27AA400730501 /* ModulesController.swift */; };
		B3DBBC2326F27FC400730501 /* UserData.swift in Sources */ = {isa = PBXBuildFile; fileRef = B3DBBC2226F27FC400730501 /* UserData.swift */; };
		B3DBBC2626F2954B00730501 /* TaskCell.swift in Sources */ = {isa = PBXBuildFile; fileRef = B3DBBC2426F2954B00730501 /* TaskCell.swift */; };
		B3DBBC2726F2954B00730501 /* TaskCell.xib in Resources */ = {isa = PBXBuildFile; fileRef = B3DBBC2526F2954B00730501 /* TaskCell.xib */; };
		B3E01D3626F14CFA00B1BA32 /* SetUp.storyboard in Resources */ = {isa = PBXBuildFile; fileRef = B3E01D3526F14CFA00B1BA32 /* SetUp.storyboard */; };
		B3E01D3826F14E8100B1BA32 /* WelcomeViewController.swift in Sources */ = {isa = PBXBuildFile; fileRef = B3E01D3726F14E8100B1BA32 /* WelcomeViewController.swift */; };
		B3EBB99926E8A689000A8329 /* Task.swift in Sources */ = {isa = PBXBuildFile; fileRef = B3EBB99826E8A689000A8329 /* Task.swift */; };
/* End PBXBuildFile section */

/* Begin PBXContainerItemProxy section */
		B3C7C9B626E7B7AC00A5A46C /* PBXContainerItemProxy */ = {
			isa = PBXContainerItemProxy;
			containerPortal = B3C7C8E626E75EF900A5A46C /* Project object */;
			proxyType = 1;
			remoteGlobalIDString = B3C7C8ED26E75EF900A5A46C;
			remoteInfo = SaveMyGrades;
		};
/* End PBXContainerItemProxy section */

/* Begin PBXFileReference section */
		B306517C26F4D84900852CE8 /* SampleUserData.swift */ = {isa = PBXFileReference; lastKnownFileType = sourcecode.swift; path = SampleUserData.swift; sourceTree = "<group>"; };
		B33D8D1026F3610A00720C48 /* TaskIcon.swift */ = {isa = PBXFileReference; lastKnownFileType = sourcecode.swift; path = TaskIcon.swift; sourceTree = "<group>"; };
		B3458AA326ECC1D700DD42BB /* GradingStyleTest.swift */ = {isa = PBXFileReference; lastKnownFileType = sourcecode.swift; path = GradingStyleTest.swift; sourceTree = "<group>"; };
		B361692026E93DCE001DAE26 /* TaskFunctionality.swift */ = {isa = PBXFileReference; lastKnownFileType = sourcecode.swift; path = TaskFunctionality.swift; sourceTree = "<group>"; };
		B361692226E950E3001DAE26 /* TaskStatus.swift */ = {isa = PBXFileReference; lastKnownFileType = sourcecode.swift; path = TaskStatus.swift; sourceTree = "<group>"; };
		B361E62626EBFEF500A430E8 /* GradingStyle.swift */ = {isa = PBXFileReference; lastKnownFileType = sourcecode.swift; path = GradingStyle.swift; sourceTree = "<group>"; };
		B3801EC7270CA90D006EC19D /* Fields.txt */ = {isa = PBXFileReference; lastKnownFileType = text; path = Fields.txt; sourceTree = "<group>"; };
		B3801EC9270CAB67006EC19D /* AddTab.storyboard */ = {isa = PBXFileReference; lastKnownFileType = file.storyboard; path = AddTab.storyboard; sourceTree = "<group>"; };
		B3801ECB270CB4C2006EC19D /* TabBar.swift */ = {isa = PBXFileReference; lastKnownFileType = sourcecode.swift; path = TabBar.swift; sourceTree = "<group>"; };
		B39C775026E90309001E48D7 /* Assessment.swift */ = {isa = PBXFileReference; lastKnownFileType = sourcecode.swift; path = Assessment.swift; sourceTree = "<group>"; };
		B39C775226E90313001E48D7 /* Module.swift */ = {isa = PBXFileReference; lastKnownFileType = sourcecode.swift; path = Module.swift; sourceTree = "<group>"; };
		B39C775426E9031E001E48D7 /* Period.swift */ = {isa = PBXFileReference; lastKnownFileType = sourcecode.swift; path = Period.swift; sourceTree = "<group>"; };
		B3C7C8EE26E75EF900A5A46C /* SaveMyGrades.app */ = {isa = PBXFileReference; explicitFileType = wrapper.application; includeInIndex = 0; path = SaveMyGrades.app; sourceTree = BUILT_PRODUCTS_DIR; };
		B3C7C8F126E75EF900A5A46C /* AppDelegate.swift */ = {isa = PBXFileReference; lastKnownFileType = sourcecode.swift; path = AppDelegate.swift; sourceTree = "<group>"; };
		B3C7C8F326E75EF900A5A46C /* SceneDelegate.swift */ = {isa = PBXFileReference; lastKnownFileType = sourcecode.swift; path = SceneDelegate.swift; sourceTree = "<group>"; };
		B3C7C8FA26E75EFA00A5A46C /* Assets.xcassets */ = {isa = PBXFileReference; lastKnownFileType = folder.assetcatalog; path = Assets.xcassets; sourceTree = "<group>"; };
		B3C7C8FF26E75EFA00A5A46C /* Info.plist */ = {isa = PBXFileReference; lastKnownFileType = text.plist.xml; path = Info.plist; sourceTree = "<group>"; };
		B3C7C90726E7608700A5A46C /* Grade.swift */ = {isa = PBXFileReference; fileEncoding = 4; lastKnownFileType = sourcecode.swift; path = Grade.swift; sourceTree = "<group>"; };
		B3C7C90826E7608700A5A46C /* UKAlevel.json */ = {isa = PBXFileReference; fileEncoding = 4; lastKnownFileType = text.json; path = UKAlevel.json; sourceTree = "<group>"; };
		B3C7C90926E7608700A5A46C /* UKDegreeClassification.json */ = {isa = PBXFileReference; fileEncoding = 4; lastKnownFileType = text.json; path = UKDegreeClassification.json; sourceTree = "<group>"; };
		B3C7C91726E7608700A5A46C /* Exam.swift */ = {isa = PBXFileReference; fileEncoding = 4; lastKnownFileType = sourcecode.swift; path = Exam.swift; sourceTree = "<group>"; };
		B3C7C91826E7608700A5A46C /* Quiz.swift */ = {isa = PBXFileReference; fileEncoding = 4; lastKnownFileType = sourcecode.swift; path = Quiz.swift; sourceTree = "<group>"; };
		B3C7C91926E7608700A5A46C /* Session.swift */ = {isa = PBXFileReference; fileEncoding = 4; lastKnownFileType = sourcecode.swift; path = Session.swift; sourceTree = "<group>"; };
		B3C7C91F26E7608700A5A46C /* ModuleTableViewCell.xib */ = {isa = PBXFileReference; fileEncoding = 4; lastKnownFileType = file.xib; path = ModuleTableViewCell.xib; sourceTree = "<group>"; };
		B3C7C92326E7608700A5A46C /* ModuleTableViewCell.swift */ = {isa = PBXFileReference; fileEncoding = 4; lastKnownFileType = sourcecode.swift; path = ModuleTableViewCell.swift; sourceTree = "<group>"; };
		B3C7C92426E7608700A5A46C /* HeaderTableViewCell.xib */ = {isa = PBXFileReference; fileEncoding = 4; lastKnownFileType = file.xib; path = HeaderTableViewCell.xib; sourceTree = "<group>"; };
		B3C7C92526E7608700A5A46C /* HeaderTableViewCell.swift */ = {isa = PBXFileReference; fileEncoding = 4; lastKnownFileType = sourcecode.swift; path = HeaderTableViewCell.swift; sourceTree = "<group>"; };
		B3C7C95926E79E8100A5A46C /* RussiaFivePointsSystem.json */ = {isa = PBXFileReference; lastKnownFileType = text.json; path = RussiaFivePointsSystem.json; sourceTree = "<group>"; xcLanguageSpecificationIdentifier = xcode.lang.json; };
		B3C7C96226E7AC1500A5A46C /* Base */ = {isa = PBXFileReference; lastKnownFileType = file.storyboard; name = Base; path = SaveMyGrades/Base.lproj/LaunchScreen.storyboard; sourceTree = "<group>"; };
		B3C7C96426E7AC1500A5A46C /* Base */ = {isa = PBXFileReference; lastKnownFileType = file.storyboard; name = Base; path = SaveMyGrades/Base.lproj/Main.storyboard; sourceTree = "<group>"; };
		B3C7C9B126E7B7AC00A5A46C /* SaveMyGradesTests.xctest */ = {isa = PBXFileReference; explicitFileType = wrapper.cfbundle; includeInIndex = 0; path = SaveMyGradesTests.xctest; sourceTree = BUILT_PRODUCTS_DIR; };
		B3C7C9B326E7B7AC00A5A46C /* SaveMyGradesTests.swift */ = {isa = PBXFileReference; lastKnownFileType = sourcecode.swift; path = SaveMyGradesTests.swift; sourceTree = "<group>"; };
		B3C7C9B526E7B7AC00A5A46C /* Info.plist */ = {isa = PBXFileReference; lastKnownFileType = text.plist.xml; path = Info.plist; sourceTree = "<group>"; };
		B3C7C9BB26E7CC7C00A5A46C /* ValidationError.swift */ = {isa = PBXFileReference; lastKnownFileType = sourcecode.swift; path = ValidationError.swift; sourceTree = "<group>"; };
		B3C7C9BD26E7D34800A5A46C /* GradingFunctionality.swift */ = {isa = PBXFileReference; lastKnownFileType = sourcecode.swift; path = GradingFunctionality.swift; sourceTree = "<group>"; };
		B3DBBC1626F2738500730501 /* ActionsTab.storyboard */ = {isa = PBXFileReference; lastKnownFileType = file.storyboard; path = ActionsTab.storyboard; sourceTree = "<group>"; };
		B3DBBC1826F276D100730501 /* ModulesTab.storyboard */ = {isa = PBXFileReference; lastKnownFileType = file.storyboard; path = ModulesTab.storyboard; sourceTree = "<group>"; };
		B3DBBC1B26F279B200730501 /* PeriodSelector.swift */ = {isa = PBXFileReference; lastKnownFileType = sourcecode.swift; path = PeriodSelector.swift; sourceTree = "<group>"; };
		B3DBBC1C26F279B200730501 /* PeriodSelector.xib */ = {isa = PBXFileReference; lastKnownFileType = file.xib; path = PeriodSelector.xib; sourceTree = "<group>"; };
		B3DBBC2026F27AA400730501 /* ModulesController.swift */ = {isa = PBXFileReference; lastKnownFileType = sourcecode.swift; path = ModulesController.swift; sourceTree = "<group>"; };
		B3DBBC2226F27FC400730501 /* UserData.swift */ = {isa = PBXFileReference; lastKnownFileType = sourcecode.swift; path = UserData.swift; sourceTree = "<group>"; };
		B3DBBC2426F2954B00730501 /* TaskCell.swift */ = {isa = PBXFileReference; lastKnownFileType = sourcecode.swift; path = TaskCell.swift; sourceTree = "<group>"; };
		B3DBBC2526F2954B00730501 /* TaskCell.xib */ = {isa = PBXFileReference; lastKnownFileType = file.xib; path = TaskCell.xib; sourceTree = "<group>"; };
		B3E01D3526F14CFA00B1BA32 /* SetUp.storyboard */ = {isa = PBXFileReference; lastKnownFileType = file.storyboard; path = SetUp.storyboard; sourceTree = "<group>"; };
		B3E01D3726F14E8100B1BA32 /* WelcomeViewController.swift */ = {isa = PBXFileReference; lastKnownFileType = sourcecode.swift; path = WelcomeViewController.swift; sourceTree = "<group>"; };
		B3EBB99826E8A689000A8329 /* Task.swift */ = {isa = PBXFileReference; lastKnownFileType = sourcecode.swift; path = Task.swift; sourceTree = "<group>"; };
/* End PBXFileReference section */

/* Begin PBXFrameworksBuildPhase section */
		B3C7C8EB26E75EF900A5A46C /* Frameworks */ = {
			isa = PBXFrameworksBuildPhase;
			buildActionMask = 2147483647;
			files = (
			);
			runOnlyForDeploymentPostprocessing = 0;
		};
		B3C7C9AE26E7B7AC00A5A46C /* Frameworks */ = {
			isa = PBXFrameworksBuildPhase;
			buildActionMask = 2147483647;
			files = (
			);
			runOnlyForDeploymentPostprocessing = 0;
		};
/* End PBXFrameworksBuildPhase section */

/* Begin PBXGroup section */
		B3C7C8E526E75EF900A5A46C = {
			isa = PBXGroup;
			children = (
				B3C7C8F026E75EF900A5A46C /* SaveMyGrades */,
				B3C7C9B226E7B7AC00A5A46C /* SaveMyGradesTests */,
				B3C7C8EF26E75EF900A5A46C /* Products */,
			);
			sourceTree = "<group>";
		};
		B3C7C8EF26E75EF900A5A46C /* Products */ = {
			isa = PBXGroup;
			children = (
				B3C7C8EE26E75EF900A5A46C /* SaveMyGrades.app */,
				B3C7C9B126E7B7AC00A5A46C /* SaveMyGradesTests.xctest */,
			);
			name = Products;
			sourceTree = "<group>";
		};
		B3C7C8F026E75EF900A5A46C /* SaveMyGrades */ = {
			isa = PBXGroup;
			children = (
				B3C7C92626E7608700A5A46C /* Controllers */,
				B3C7C90526E7608700A5A46C /* Models */,
				B3C7C91E26E7608700A5A46C /* Views */,
				B3C7C8F126E75EF900A5A46C /* AppDelegate.swift */,
				B3C7C8F326E75EF900A5A46C /* SceneDelegate.swift */,
				B3C7C8FA26E75EFA00A5A46C /* Assets.xcassets */,
				B3C7C96126E7AC1500A5A46C /* LaunchScreen.storyboard */,
				B3C7C8FF26E75EFA00A5A46C /* Info.plist */,
			);
			path = SaveMyGrades;
			sourceTree = "<group>";
		};
		B3C7C90526E7608700A5A46C /* Models */ = {
			isa = PBXGroup;
			children = (
				B3C7C91026E7608700A5A46C /* Tasks */,
				B3C7C90626E7608700A5A46C /* Grades */,
				B3C7C91A26E7608700A5A46C /* Errors */,
				B3DBBC2226F27FC400730501 /* UserData.swift */,
			);
			path = Models;
			sourceTree = "<group>";
		};
		B3C7C90626E7608700A5A46C /* Grades */ = {
			isa = PBXGroup;
			children = (
				B3C7C90726E7608700A5A46C /* Grade.swift */,
				B361E62626EBFEF500A430E8 /* GradingStyle.swift */,
				B3C7C95826E798ED00A5A46C /* GradingMethods */,
			);
			path = Grades;
			sourceTree = "<group>";
		};
		B3C7C91026E7608700A5A46C /* Tasks */ = {
			isa = PBXGroup;
			children = (
				B3EBB99826E8A689000A8329 /* Task.swift */,
				B39C775026E90309001E48D7 /* Assessment.swift */,
				B3C7C91626E7608700A5A46C /* AssessmentTypes */,
				B39C775226E90313001E48D7 /* Module.swift */,
				B39C775426E9031E001E48D7 /* Period.swift */,
				B3C7C91926E7608700A5A46C /* Session.swift */,
				B361692226E950E3001DAE26 /* TaskStatus.swift */,
			);
			path = Tasks;
			sourceTree = "<group>";
		};
		B3C7C91626E7608700A5A46C /* AssessmentTypes */ = {
			isa = PBXGroup;
			children = (
				B3C7C91726E7608700A5A46C /* Exam.swift */,
				B3C7C91826E7608700A5A46C /* Quiz.swift */,
			);
			path = AssessmentTypes;
			sourceTree = "<group>";
		};
		B3C7C91A26E7608700A5A46C /* Errors */ = {
			isa = PBXGroup;
			children = (
				B3C7C9BB26E7CC7C00A5A46C /* ValidationError.swift */,
			);
			path = Errors;
			sourceTree = "<group>";
		};
		B3C7C91E26E7608700A5A46C /* Views */ = {
			isa = PBXGroup;
			children = (
				B33D8D1026F3610A00720C48 /* TaskIcon.swift */,
				B3DBBC1A26F2797800730501 /* Cells */,
				B3DBBC1326F271AB00730501 /* MeTab */,
				B3DBBC1226F271A300730501 /* AddTab */,
				B3DBBC1126F2718F00730501 /* StatsTab */,
				B3DBBC1026F2718100730501 /* ModulesTab */,
				B3DBBC0F26F2715C00730501 /* ActionsTab */,
				B3E01D3426F14CCB00B1BA32 /* Welcome */,
				B3C7C96326E7AC1500A5A46C /* Main.storyboard */,
			);
			path = Views;
			sourceTree = "<group>";
		};
		B3C7C92626E7608700A5A46C /* Controllers */ = {
			isa = PBXGroup;
			children = (
				B3801ECB270CB4C2006EC19D /* TabBar.swift */,
				B3E01D3726F14E8100B1BA32 /* WelcomeViewController.swift */,
				B3C7C92726E7608700A5A46C /* ModulesTab */,
			);
			path = Controllers;
			sourceTree = "<group>";
		};
		B3C7C92726E7608700A5A46C /* ModulesTab */ = {
			isa = PBXGroup;
			children = (
				B3DBBC2026F27AA400730501 /* ModulesController.swift */,
			);
			path = ModulesTab;
			sourceTree = "<group>";
		};
		B3C7C95826E798ED00A5A46C /* GradingMethods */ = {
			isa = PBXGroup;
			children = (
				B3C7C90826E7608700A5A46C /* UKAlevel.json */,
				B3C7C90926E7608700A5A46C /* UKDegreeClassification.json */,
				B3C7C95926E79E8100A5A46C /* RussiaFivePointsSystem.json */,
			);
			path = GradingMethods;
			sourceTree = "<group>";
		};
		B3C7C9B226E7B7AC00A5A46C /* SaveMyGradesTests */ = {
			isa = PBXGroup;
			children = (
				B306517C26F4D84900852CE8 /* SampleUserData.swift */,
				B3458AA326ECC1D700DD42BB /* GradingStyleTest.swift */,
				B361692026E93DCE001DAE26 /* TaskFunctionality.swift */,
				B3C7C9BD26E7D34800A5A46C /* GradingFunctionality.swift */,
				B3C7C9B326E7B7AC00A5A46C /* SaveMyGradesTests.swift */,
				B3C7C9B526E7B7AC00A5A46C /* Info.plist */,
			);
			path = SaveMyGradesTests;
			sourceTree = "<group>";
		};
		B3DBBC0F26F2715C00730501 /* ActionsTab */ = {
			isa = PBXGroup;
			children = (
				B3DBBC1626F2738500730501 /* ActionsTab.storyboard */,
			);
			path = ActionsTab;
			sourceTree = "<group>";
		};
		B3DBBC1026F2718100730501 /* ModulesTab */ = {
			isa = PBXGroup;
			children = (
				B3DBBC1826F276D100730501 /* ModulesTab.storyboard */,
				B3C7C91F26E7608700A5A46C /* ModuleTableViewCell.xib */,
				B3C7C92326E7608700A5A46C /* ModuleTableViewCell.swift */,
				B3C7C92426E7608700A5A46C /* HeaderTableViewCell.xib */,
				B3C7C92526E7608700A5A46C /* HeaderTableViewCell.swift */,
			);
			path = ModulesTab;
			sourceTree = "<group>";
		};
		B3DBBC1126F2718F00730501 /* StatsTab */ = {
			isa = PBXGroup;
			children = (
			);
			path = StatsTab;
			sourceTree = "<group>";
		};
		B3DBBC1226F271A300730501 /* AddTab */ = {
			isa = PBXGroup;
			children = (
				B3801EC9270CAB67006EC19D /* AddTab.storyboard */,
				B3801EC7270CA90D006EC19D /* Fields.txt */,
			);
			path = AddTab;
			sourceTree = "<group>";
		};
		B3DBBC1326F271AB00730501 /* MeTab */ = {
			isa = PBXGroup;
			children = (
			);
			path = MeTab;
			sourceTree = "<group>";
		};
		B3DBBC1A26F2797800730501 /* Cells */ = {
			isa = PBXGroup;
			children = (
				B3DBBC2826F2956000730501 /* TaskCell */,
				B3DBBC1F26F279BA00730501 /* PeriodSelector */,
			);
			path = Cells;
			sourceTree = "<group>";
		};
		B3DBBC1F26F279BA00730501 /* PeriodSelector */ = {
			isa = PBXGroup;
			children = (
				B3DBBC1B26F279B200730501 /* PeriodSelector.swift */,
				B3DBBC1C26F279B200730501 /* PeriodSelector.xib */,
			);
			path = PeriodSelector;
			sourceTree = "<group>";
		};
		B3DBBC2826F2956000730501 /* TaskCell */ = {
			isa = PBXGroup;
			children = (
				B3DBBC2426F2954B00730501 /* TaskCell.swift */,
				B3DBBC2526F2954B00730501 /* TaskCell.xib */,
			);
			path = TaskCell;
			sourceTree = "<group>";
		};
		B3E01D3426F14CCB00B1BA32 /* Welcome */ = {
			isa = PBXGroup;
			children = (
				B3E01D3526F14CFA00B1BA32 /* SetUp.storyboard */,
			);
			path = Welcome;
			sourceTree = "<group>";
		};
/* End PBXGroup section */

/* Begin PBXNativeTarget section */
		B3C7C8ED26E75EF900A5A46C /* SaveMyGrades */ = {
			isa = PBXNativeTarget;
			buildConfigurationList = B3C7C90226E75EFA00A5A46C /* Build configuration list for PBXNativeTarget "SaveMyGrades" */;
			buildPhases = (
				B3C7C8EA26E75EF900A5A46C /* Sources */,
				B3C7C8EB26E75EF900A5A46C /* Frameworks */,
				B3C7C8EC26E75EF900A5A46C /* Resources */,
			);
			buildRules = (
			);
			dependencies = (
			);
			name = SaveMyGrades;
			productName = SaveMyGrades;
			productReference = B3C7C8EE26E75EF900A5A46C /* SaveMyGrades.app */;
			productType = "com.apple.product-type.application";
		};
		B3C7C9B026E7B7AC00A5A46C /* SaveMyGradesTests */ = {
			isa = PBXNativeTarget;
			buildConfigurationList = B3C7C9BA26E7B7AC00A5A46C /* Build configuration list for PBXNativeTarget "SaveMyGradesTests" */;
			buildPhases = (
				B3C7C9AD26E7B7AC00A5A46C /* Sources */,
				B3C7C9AE26E7B7AC00A5A46C /* Frameworks */,
				B3C7C9AF26E7B7AC00A5A46C /* Resources */,
			);
			buildRules = (
			);
			dependencies = (
				B3C7C9B726E7B7AC00A5A46C /* PBXTargetDependency */,
			);
			name = SaveMyGradesTests;
			productName = SaveMyGradesTests;
			productReference = B3C7C9B126E7B7AC00A5A46C /* SaveMyGradesTests.xctest */;
			productType = "com.apple.product-type.bundle.unit-test";
		};
/* End PBXNativeTarget section */

/* Begin PBXProject section */
		B3C7C8E626E75EF900A5A46C /* Project object */ = {
			isa = PBXProject;
			attributes = {
				LastSwiftUpdateCheck = 1250;
				LastUpgradeCheck = 1250;
				TargetAttributes = {
					B3C7C8ED26E75EF900A5A46C = {
						CreatedOnToolsVersion = 12.5.1;
					};
					B3C7C9B026E7B7AC00A5A46C = {
						CreatedOnToolsVersion = 12.5.1;
						TestTargetID = B3C7C8ED26E75EF900A5A46C;
					};
				};
			};
			buildConfigurationList = B3C7C8E926E75EF900A5A46C /* Build configuration list for PBXProject "SaveMyGrades" */;
			compatibilityVersion = "Xcode 9.3";
			developmentRegion = en;
			hasScannedForEncodings = 0;
			knownRegions = (
				en,
				Base,
			);
			mainGroup = B3C7C8E526E75EF900A5A46C;
			productRefGroup = B3C7C8EF26E75EF900A5A46C /* Products */;
			projectDirPath = "";
			projectRoot = "";
			targets = (
				B3C7C8ED26E75EF900A5A46C /* SaveMyGrades */,
				B3C7C9B026E7B7AC00A5A46C /* SaveMyGradesTests */,
			);
		};
/* End PBXProject section */

/* Begin PBXResourcesBuildPhase section */
		B3C7C8EC26E75EF900A5A46C /* Resources */ = {
			isa = PBXResourcesBuildPhase;
			buildActionMask = 2147483647;
			files = (
				B3C7C96526E7AC1500A5A46C /* LaunchScreen.storyboard in Resources */,
				B3C7C92B26E7608700A5A46C /* UKAlevel.json in Resources */,
				B3E01D3626F14CFA00B1BA32 /* SetUp.storyboard in Resources */,
				B3DBBC1E26F279B200730501 /* PeriodSelector.xib in Resources */,
				B3DBBC2726F2954B00730501 /* TaskCell.xib in Resources */,
				B3801EC8270CA90D006EC19D /* Fields.txt in Resources */,
				B3801ECA270CAB67006EC19D /* AddTab.storyboard in Resources */,
				B3C7C94126E7608700A5A46C /* HeaderTableViewCell.xib in Resources */,
				B3C7C96726E7AE5B00A5A46C /* Main.storyboard in Resources */,
				B3C7C8FB26E75EFA00A5A46C /* Assets.xcassets in Resources */,
				B3C7C95A26E79E8100A5A46C /* RussiaFivePointsSystem.json in Resources */,
				B3DBBC1726F2738500730501 /* ActionsTab.storyboard in Resources */,
				B3DBBC1926F276D100730501 /* ModulesTab.storyboard in Resources */,
				B3C7C92C26E7608700A5A46C /* UKDegreeClassification.json in Resources */,
				B3C7C93D26E7608700A5A46C /* ModuleTableViewCell.xib in Resources */,
			);
			runOnlyForDeploymentPostprocessing = 0;
		};
		B3C7C9AF26E7B7AC00A5A46C /* Resources */ = {
			isa = PBXResourcesBuildPhase;
			buildActionMask = 2147483647;
			files = (
			);
			runOnlyForDeploymentPostprocessing = 0;
		};
/* End PBXResourcesBuildPhase section */

/* Begin PBXSourcesBuildPhase section */
		B3C7C8EA26E75EF900A5A46C /* Sources */ = {
			isa = PBXSourcesBuildPhase;
			buildActionMask = 2147483647;
			files = (
				B3C7C93726E7608700A5A46C /* Exam.swift in Sources */,
				B3DBBC2326F27FC400730501 /* UserData.swift in Sources */,
				B3DBBC1D26F279B200730501 /* PeriodSelector.swift in Sources */,
				B39C775526E9031E001E48D7 /* Period.swift in Sources */,
				B3DBBC2626F2954B00730501 /* TaskCell.swift in Sources */,
				B33D8D1126F3610A00720C48 /* TaskIcon.swift in Sources */,
				B361692326E950E3001DAE26 /* TaskStatus.swift in Sources */,
				B33ED7C826EC01D100F23892 /* Assessment.swift in Sources */,
				B306518126F4F88500852CE8 /* SampleUserData.swift in Sources */,
				B3C7C8F226E75EF900A5A46C /* AppDelegate.swift in Sources */,
				B33ED7C926EC01F700F23892 /* GradingStyle.swift in Sources */,
				B3EBB99926E8A689000A8329 /* Task.swift in Sources */,
				B3C7C8F426E75EF900A5A46C /* SceneDelegate.swift in Sources */,
				B3C7C93926E7608700A5A46C /* Session.swift in Sources */,
				B3C7C94026E7608700A5A46C /* ModuleTableViewCell.swift in Sources */,
				B3801ECC270CB4C2006EC19D /* TabBar.swift in Sources */,
				B3E01D3826F14E8100B1BA32 /* WelcomeViewController.swift in Sources */,
				B3C7C9BC26E7CC7C00A5A46C /* ValidationError.swift in Sources */,
				B3C7C92A26E7608700A5A46C /* Grade.swift in Sources */,
				B3C7C94226E7608700A5A46C /* HeaderTableViewCell.swift in Sources */,
				B3C7C93826E7608700A5A46C /* Quiz.swift in Sources */,
				B39C775326E90313001E48D7 /* Module.swift in Sources */,
				B3DBBC2126F27AA400730501 /* ModulesController.swift in Sources */,
			);
			runOnlyForDeploymentPostprocessing = 0;
		};
		B3C7C9AD26E7B7AC00A5A46C /* Sources */ = {
			isa = PBXSourcesBuildPhase;
			buildActionMask = 2147483647;
			files = (
				B3C7C9B426E7B7AC00A5A46C /* SaveMyGradesTests.swift in Sources */,
				B3458AA426ECC1D700DD42BB /* GradingStyleTest.swift in Sources */,
				B3458AA526ECC2E100DD42BB /* GradingFunctionality.swift in Sources */,
				B361692126E93DCE001DAE26 /* TaskFunctionality.swift in Sources */,
				B306518026F4F87D00852CE8 /* SampleUserData.swift in Sources */,
			);
			runOnlyForDeploymentPostprocessing = 0;
		};
/* End PBXSourcesBuildPhase section */

/* Begin PBXTargetDependency section */
		B3C7C9B726E7B7AC00A5A46C /* PBXTargetDependency */ = {
			isa = PBXTargetDependency;
			target = B3C7C8ED26E75EF900A5A46C /* SaveMyGrades */;
			targetProxy = B3C7C9B626E7B7AC00A5A46C /* PBXContainerItemProxy */;
		};
/* End PBXTargetDependency section */

/* Begin PBXVariantGroup section */
		B3C7C96126E7AC1500A5A46C /* LaunchScreen.storyboard */ = {
			isa = PBXVariantGroup;
			children = (
				B3C7C96226E7AC1500A5A46C /* Base */,
			);
			name = LaunchScreen.storyboard;
			sourceTree = "<group>";
		};
		B3C7C96326E7AC1500A5A46C /* Main.storyboard */ = {
			isa = PBXVariantGroup;
			children = (
				B3C7C96426E7AC1500A5A46C /* Base */,
			);
			name = Main.storyboard;
			sourceTree = "<group>";
		};
/* End PBXVariantGroup section */

/* Begin XCBuildConfiguration section */
		B3C7C90026E75EFA00A5A46C /* Debug */ = {
			isa = XCBuildConfiguration;
			buildSettings = {
				ALWAYS_SEARCH_USER_PATHS = NO;
				CLANG_ANALYZER_NONNULL = YES;
				CLANG_ANALYZER_NUMBER_OBJECT_CONVERSION = YES_AGGRESSIVE;
				CLANG_CXX_LANGUAGE_STANDARD = "gnu++14";
				CLANG_CXX_LIBRARY = "libc++";
				CLANG_ENABLE_MODULES = YES;
				CLANG_ENABLE_OBJC_ARC = YES;
				CLANG_ENABLE_OBJC_WEAK = YES;
				CLANG_WARN_BLOCK_CAPTURE_AUTORELEASING = YES;
				CLANG_WARN_BOOL_CONVERSION = YES;
				CLANG_WARN_COMMA = YES;
				CLANG_WARN_CONSTANT_CONVERSION = YES;
				CLANG_WARN_DEPRECATED_OBJC_IMPLEMENTATIONS = YES;
				CLANG_WARN_DIRECT_OBJC_ISA_USAGE = YES_ERROR;
				CLANG_WARN_DOCUMENTATION_COMMENTS = YES;
				CLANG_WARN_EMPTY_BODY = YES;
				CLANG_WARN_ENUM_CONVERSION = YES;
				CLANG_WARN_INFINITE_RECURSION = YES;
				CLANG_WARN_INT_CONVERSION = YES;
				CLANG_WARN_NON_LITERAL_NULL_CONVERSION = YES;
				CLANG_WARN_OBJC_IMPLICIT_RETAIN_SELF = YES;
				CLANG_WARN_OBJC_LITERAL_CONVERSION = YES;
				CLANG_WARN_OBJC_ROOT_CLASS = YES_ERROR;
				CLANG_WARN_QUOTED_INCLUDE_IN_FRAMEWORK_HEADER = YES;
				CLANG_WARN_RANGE_LOOP_ANALYSIS = YES;
				CLANG_WARN_STRICT_PROTOTYPES = YES;
				CLANG_WARN_SUSPICIOUS_MOVE = YES;
				CLANG_WARN_UNGUARDED_AVAILABILITY = YES_AGGRESSIVE;
				CLANG_WARN_UNREACHABLE_CODE = YES;
				CLANG_WARN__DUPLICATE_METHOD_MATCH = YES;
				COPY_PHASE_STRIP = NO;
				DEBUG_INFORMATION_FORMAT = dwarf;
				ENABLE_STRICT_OBJC_MSGSEND = YES;
				ENABLE_TESTABILITY = YES;
				GCC_C_LANGUAGE_STANDARD = gnu11;
				GCC_DYNAMIC_NO_PIC = NO;
				GCC_NO_COMMON_BLOCKS = YES;
				GCC_OPTIMIZATION_LEVEL = 0;
				GCC_PREPROCESSOR_DEFINITIONS = (
					"DEBUG=1",
					"$(inherited)",
				);
				GCC_WARN_64_TO_32_BIT_CONVERSION = YES;
				GCC_WARN_ABOUT_RETURN_TYPE = YES_ERROR;
				GCC_WARN_UNDECLARED_SELECTOR = YES;
				GCC_WARN_UNINITIALIZED_AUTOS = YES_AGGRESSIVE;
				GCC_WARN_UNUSED_FUNCTION = YES;
				GCC_WARN_UNUSED_VARIABLE = YES;
				IPHONEOS_DEPLOYMENT_TARGET = 14.5;
				MTL_ENABLE_DEBUG_INFO = INCLUDE_SOURCE;
				MTL_FAST_MATH = YES;
				ONLY_ACTIVE_ARCH = YES;
				SDKROOT = iphoneos;
				SWIFT_ACTIVE_COMPILATION_CONDITIONS = DEBUG;
				SWIFT_OPTIMIZATION_LEVEL = "-Onone";
			};
			name = Debug;
		};
		B3C7C90126E75EFA00A5A46C /* Release */ = {
			isa = XCBuildConfiguration;
			buildSettings = {
				ALWAYS_SEARCH_USER_PATHS = NO;
				CLANG_ANALYZER_NONNULL = YES;
				CLANG_ANALYZER_NUMBER_OBJECT_CONVERSION = YES_AGGRESSIVE;
				CLANG_CXX_LANGUAGE_STANDARD = "gnu++14";
				CLANG_CXX_LIBRARY = "libc++";
				CLANG_ENABLE_MODULES = YES;
				CLANG_ENABLE_OBJC_ARC = YES;
				CLANG_ENABLE_OBJC_WEAK = YES;
				CLANG_WARN_BLOCK_CAPTURE_AUTORELEASING = YES;
				CLANG_WARN_BOOL_CONVERSION = YES;
				CLANG_WARN_COMMA = YES;
				CLANG_WARN_CONSTANT_CONVERSION = YES;
				CLANG_WARN_DEPRECATED_OBJC_IMPLEMENTATIONS = YES;
				CLANG_WARN_DIRECT_OBJC_ISA_USAGE = YES_ERROR;
				CLANG_WARN_DOCUMENTATION_COMMENTS = YES;
				CLANG_WARN_EMPTY_BODY = YES;
				CLANG_WARN_ENUM_CONVERSION = YES;
				CLANG_WARN_INFINITE_RECURSION = YES;
				CLANG_WARN_INT_CONVERSION = YES;
				CLANG_WARN_NON_LITERAL_NULL_CONVERSION = YES;
				CLANG_WARN_OBJC_IMPLICIT_RETAIN_SELF = YES;
				CLANG_WARN_OBJC_LITERAL_CONVERSION = YES;
				CLANG_WARN_OBJC_ROOT_CLASS = YES_ERROR;
				CLANG_WARN_QUOTED_INCLUDE_IN_FRAMEWORK_HEADER = YES;
				CLANG_WARN_RANGE_LOOP_ANALYSIS = YES;
				CLANG_WARN_STRICT_PROTOTYPES = YES;
				CLANG_WARN_SUSPICIOUS_MOVE = YES;
				CLANG_WARN_UNGUARDED_AVAILABILITY = YES_AGGRESSIVE;
				CLANG_WARN_UNREACHABLE_CODE = YES;
				CLANG_WARN__DUPLICATE_METHOD_MATCH = YES;
				COPY_PHASE_STRIP = NO;
				DEBUG_INFORMATION_FORMAT = "dwarf-with-dsym";
				ENABLE_NS_ASSERTIONS = NO;
				ENABLE_STRICT_OBJC_MSGSEND = YES;
				GCC_C_LANGUAGE_STANDARD = gnu11;
				GCC_NO_COMMON_BLOCKS = YES;
				GCC_WARN_64_TO_32_BIT_CONVERSION = YES;
				GCC_WARN_ABOUT_RETURN_TYPE = YES_ERROR;
				GCC_WARN_UNDECLARED_SELECTOR = YES;
				GCC_WARN_UNINITIALIZED_AUTOS = YES_AGGRESSIVE;
				GCC_WARN_UNUSED_FUNCTION = YES;
				GCC_WARN_UNUSED_VARIABLE = YES;
				IPHONEOS_DEPLOYMENT_TARGET = 14.5;
				MTL_ENABLE_DEBUG_INFO = NO;
				MTL_FAST_MATH = YES;
				SDKROOT = iphoneos;
				SWIFT_COMPILATION_MODE = wholemodule;
				SWIFT_OPTIMIZATION_LEVEL = "-O";
				VALIDATE_PRODUCT = YES;
			};
			name = Release;
		};
		B3C7C90326E75EFA00A5A46C /* Debug */ = {
			isa = XCBuildConfiguration;
			buildSettings = {
				ASSETCATALOG_COMPILER_APPICON_NAME = AppIcon;
				ASSETCATALOG_COMPILER_GLOBAL_ACCENT_COLOR_NAME = AccentColor;
				CODE_SIGN_IDENTITY = "Apple Development";
				CODE_SIGN_STYLE = Automatic;
				DEVELOPMENT_TEAM = 44VWPY85CN;
				INFOPLIST_FILE = SaveMyGrades/Info.plist;
				IPHONEOS_DEPLOYMENT_TARGET = 13.0;
				LD_RUNPATH_SEARCH_PATHS = (
					"$(inherited)",
					"@executable_path/Frameworks",
				);
				MARKETING_VERSION = 0.1.0;
				PRODUCT_BUNDLE_IDENTIFIER = com.leogoldberg.SaveMyGrades;
				PRODUCT_NAME = "$(TARGET_NAME)";
				PROVISIONING_PROFILE_SPECIFIER = "";
				SWIFT_VERSION = 5.0;
				TARGETED_DEVICE_FAMILY = "1,2";
			};
			name = Debug;
		};
		B3C7C90426E75EFA00A5A46C /* Release */ = {
			isa = XCBuildConfiguration;
			buildSettings = {
				ASSETCATALOG_COMPILER_APPICON_NAME = AppIcon;
				ASSETCATALOG_COMPILER_GLOBAL_ACCENT_COLOR_NAME = AccentColor;
				CODE_SIGN_IDENTITY = "Apple Development";
				CODE_SIGN_STYLE = Automatic;
				DEVELOPMENT_TEAM = 44VWPY85CN;
				INFOPLIST_FILE = SaveMyGrades/Info.plist;
				IPHONEOS_DEPLOYMENT_TARGET = 13.0;
				LD_RUNPATH_SEARCH_PATHS = (
					"$(inherited)",
					"@executable_path/Frameworks",
				);
				MARKETING_VERSION = 0.1.0;
				PRODUCT_BUNDLE_IDENTIFIER = com.leogoldberg.SaveMyGrades;
				PRODUCT_NAME = "$(TARGET_NAME)";
				PROVISIONING_PROFILE_SPECIFIER = "";
				SWIFT_VERSION = 5.0;
				TARGETED_DEVICE_FAMILY = "1,2";
			};
			name = Release;
		};
		B3C7C9B826E7B7AC00A5A46C /* Debug */ = {
			isa = XCBuildConfiguration;
			buildSettings = {
				BUNDLE_LOADER = "$(TEST_HOST)";
				CODE_SIGN_STYLE = Automatic;
				DEVELOPMENT_TEAM = 44VWPY85CN;
				INFOPLIST_FILE = SaveMyGradesTests/Info.plist;
				LD_RUNPATH_SEARCH_PATHS = (
					"$(inherited)",
					"@executable_path/Frameworks",
					"@loader_path/Frameworks",
				);
				PRODUCT_BUNDLE_IDENTIFIER = com.leogold.SaveMyGradesTests;
				PRODUCT_NAME = "$(TARGET_NAME)";
				SWIFT_VERSION = 5.0;
				TARGETED_DEVICE_FAMILY = "1,2";
				TEST_HOST = "$(BUILT_PRODUCTS_DIR)/SaveMyGrades.app/SaveMyGrades";
			};
			name = Debug;
		};
		B3C7C9B926E7B7AC00A5A46C /* Release */ = {
			isa = XCBuildConfiguration;
			buildSettings = {
				BUNDLE_LOADER = "$(TEST_HOST)";
				CODE_SIGN_STYLE = Automatic;
				DEVELOPMENT_TEAM = 44VWPY85CN;
				INFOPLIST_FILE = SaveMyGradesTests/Info.plist;
				LD_RUNPATH_SEARCH_PATHS = (
					"$(inherited)",
					"@executable_path/Frameworks",
					"@loader_path/Frameworks",
				);
				PRODUCT_BUNDLE_IDENTIFIER = com.leogold.SaveMyGradesTests;
				PRODUCT_NAME = "$(TARGET_NAME)";
				SWIFT_VERSION = 5.0;
				TARGETED_DEVICE_FAMILY = "1,2";
				TEST_HOST = "$(BUILT_PRODUCTS_DIR)/SaveMyGrades.app/SaveMyGrades";
			};
			name = Release;
		};
/* End XCBuildConfiguration section */

/* Begin XCConfigurationList section */
		B3C7C8E926E75EF900A5A46C /* Build configuration list for PBXProject "SaveMyGrades" */ = {
			isa = XCConfigurationList;
			buildConfigurations = (
				B3C7C90026E75EFA00A5A46C /* Debug */,
				B3C7C90126E75EFA00A5A46C /* Release */,
			);
			defaultConfigurationIsVisible = 0;
			defaultConfigurationName = Release;
		};
		B3C7C90226E75EFA00A5A46C /* Build configuration list for PBXNativeTarget "SaveMyGrades" */ = {
			isa = XCConfigurationList;
			buildConfigurations = (
				B3C7C90326E75EFA00A5A46C /* Debug */,
				B3C7C90426E75EFA00A5A46C /* Release */,
			);
			defaultConfigurationIsVisible = 0;
			defaultConfigurationName = Release;
		};
		B3C7C9BA26E7B7AC00A5A46C /* Build configuration list for PBXNativeTarget "SaveMyGradesTests" */ = {
			isa = XCConfigurationList;
			buildConfigurations = (
				B3C7C9B826E7B7AC00A5A46C /* Debug */,
				B3C7C9B926E7B7AC00A5A46C /* Release */,
			);
			defaultConfigurationIsVisible = 0;
			defaultConfigurationName = Release;
		};
/* End XCConfigurationList section */
	};
	rootObject = B3C7C8E626E75EF900A5A46C /* Project object */;
}
