// !$*UTF8*$!
{
	archiveVersion = 1;
	classes = {
	};
	objectVersion = 50;
	objects = {

/* Begin PBXBuildFile section */
		B3C7C8F226E75EF900A5A46C /* AppDelegate.swift in Sources */ = {isa = PBXBuildFile; fileRef = B3C7C8F126E75EF900A5A46C /* AppDelegate.swift */; };
		B3C7C8F426E75EF900A5A46C /* SceneDelegate.swift in Sources */ = {isa = PBXBuildFile; fileRef = B3C7C8F326E75EF900A5A46C /* SceneDelegate.swift */; };
		B3C7C8FB26E75EFA00A5A46C /* Assets.xcassets in Resources */ = {isa = PBXBuildFile; fileRef = B3C7C8FA26E75EFA00A5A46C /* Assets.xcassets */; };
		B3C7C8FE26E75EFA00A5A46C /* LaunchScreen.storyboard in Resources */ = {isa = PBXBuildFile; fileRef = B3C7C8FC26E75EFA00A5A46C /* LaunchScreen.storyboard */; };
		B3C7C92A26E7608700A5A46C /* Grade.swift in Sources */ = {isa = PBXBuildFile; fileRef = B3C7C90726E7608700A5A46C /* Grade.swift */; };
		B3C7C92B26E7608700A5A46C /* UKAlevel.json in Resources */ = {isa = PBXBuildFile; fileRef = B3C7C90826E7608700A5A46C /* UKAlevel.json */; };
		B3C7C92C26E7608700A5A46C /* UKDegreeClassification.json in Resources */ = {isa = PBXBuildFile; fileRef = B3C7C90926E7608700A5A46C /* UKDegreeClassification.json */; };
		B3C7C92E26E7608700A5A46C /* GenericComponentState.swift in Sources */ = {isa = PBXBuildFile; fileRef = B3C7C90C26E7608700A5A46C /* GenericComponentState.swift */; };
		B3C7C92F26E7608700A5A46C /* ComponentState.swift in Sources */ = {isa = PBXBuildFile; fileRef = B3C7C90D26E7608700A5A46C /* ComponentState.swift */; };
		B3C7C93026E7608700A5A46C /* ModuleComponentState.swift in Sources */ = {isa = PBXBuildFile; fileRef = B3C7C90E26E7608700A5A46C /* ModuleComponentState.swift */; };
		B3C7C93126E7608700A5A46C /* AssessmentComponentState.swift in Sources */ = {isa = PBXBuildFile; fileRef = B3C7C90F26E7608700A5A46C /* AssessmentComponentState.swift */; };
		B3C7C93226E7608700A5A46C /* AcademicSession.swift in Sources */ = {isa = PBXBuildFile; fileRef = B3C7C91126E7608700A5A46C /* AcademicSession.swift */; };
		B3C7C93326E7608700A5A46C /* AggregationComponent.swift in Sources */ = {isa = PBXBuildFile; fileRef = B3C7C91226E7608700A5A46C /* AggregationComponent.swift */; };
		B3C7C93426E7608700A5A46C /* StudyComponent.swift in Sources */ = {isa = PBXBuildFile; fileRef = B3C7C91326E7608700A5A46C /* StudyComponent.swift */; };
		B3C7C93526E7608700A5A46C /* Assessment.swift in Sources */ = {isa = PBXBuildFile; fileRef = B3C7C91426E7608700A5A46C /* Assessment.swift */; };
		B3C7C93626E7608700A5A46C /* Module.swift in Sources */ = {isa = PBXBuildFile; fileRef = B3C7C91526E7608700A5A46C /* Module.swift */; };
		B3C7C93726E7608700A5A46C /* Exam.swift in Sources */ = {isa = PBXBuildFile; fileRef = B3C7C91726E7608700A5A46C /* Exam.swift */; };
		B3C7C93826E7608700A5A46C /* Quiz.swift in Sources */ = {isa = PBXBuildFile; fileRef = B3C7C91826E7608700A5A46C /* Quiz.swift */; };
		B3C7C93926E7608700A5A46C /* Institution.swift in Sources */ = {isa = PBXBuildFile; fileRef = B3C7C91926E7608700A5A46C /* Institution.swift */; };
		B3C7C93A26E7608700A5A46C /* ComponentError.swift in Sources */ = {isa = PBXBuildFile; fileRef = B3C7C91B26E7608700A5A46C /* ComponentError.swift */; };
		B3C7C93B26E7608700A5A46C /* GradingError.swift in Sources */ = {isa = PBXBuildFile; fileRef = B3C7C91C26E7608700A5A46C /* GradingError.swift */; };
		B3C7C93C26E7608700A5A46C /* ModuleError.swift in Sources */ = {isa = PBXBuildFile; fileRef = B3C7C91D26E7608700A5A46C /* ModuleError.swift */; };
		B3C7C93D26E7608700A5A46C /* ModuleTableViewCell.xib in Resources */ = {isa = PBXBuildFile; fileRef = B3C7C91F26E7608700A5A46C /* ModuleTableViewCell.xib */; };
		B3C7C93E26E7608700A5A46C /* CustomButton.swift in Sources */ = {isa = PBXBuildFile; fileRef = B3C7C92026E7608700A5A46C /* CustomButton.swift */; };
		B3C7C94026E7608700A5A46C /* ModuleTableViewCell.swift in Sources */ = {isa = PBXBuildFile; fileRef = B3C7C92326E7608700A5A46C /* ModuleTableViewCell.swift */; };
		B3C7C94126E7608700A5A46C /* HeaderTableViewCell.xib in Resources */ = {isa = PBXBuildFile; fileRef = B3C7C92426E7608700A5A46C /* HeaderTableViewCell.xib */; };
		B3C7C94226E7608700A5A46C /* HeaderTableViewCell.swift in Sources */ = {isa = PBXBuildFile; fileRef = B3C7C92526E7608700A5A46C /* HeaderTableViewCell.swift */; };
		B3C7C94326E7608700A5A46C /* ModuleSummaryViewController.swift in Sources */ = {isa = PBXBuildFile; fileRef = B3C7C92826E7608700A5A46C /* ModuleSummaryViewController.swift */; };
		B3C7C94426E7608700A5A46C /* ModulesViewController.swift in Sources */ = {isa = PBXBuildFile; fileRef = B3C7C92926E7608700A5A46C /* ModulesViewController.swift */; };
		B3C7C94726E7614000A5A46C /* Main.storyboard in Resources */ = {isa = PBXBuildFile; fileRef = B3C7C94526E7614000A5A46C /* Main.storyboard */; };
		B3C7C95726E7982100A5A46C /* GradingMethod.swift in Sources */ = {isa = PBXBuildFile; fileRef = B3C7C95626E7982100A5A46C /* GradingMethod.swift */; };
		B3C7C95A26E79E8100A5A46C /* RussiaFivePointsSystem.json in Resources */ = {isa = PBXBuildFile; fileRef = B3C7C95926E79E8100A5A46C /* RussiaFivePointsSystem.json */; };
/* End PBXBuildFile section */

/* Begin PBXFileReference section */
		B3C7C8EE26E75EF900A5A46C /* SaveMyGrades.app */ = {isa = PBXFileReference; explicitFileType = wrapper.application; includeInIndex = 0; path = SaveMyGrades.app; sourceTree = BUILT_PRODUCTS_DIR; };
		B3C7C8F126E75EF900A5A46C /* AppDelegate.swift */ = {isa = PBXFileReference; lastKnownFileType = sourcecode.swift; path = AppDelegate.swift; sourceTree = "<group>"; };
		B3C7C8F326E75EF900A5A46C /* SceneDelegate.swift */ = {isa = PBXFileReference; lastKnownFileType = sourcecode.swift; path = SceneDelegate.swift; sourceTree = "<group>"; };
		B3C7C8FA26E75EFA00A5A46C /* Assets.xcassets */ = {isa = PBXFileReference; lastKnownFileType = folder.assetcatalog; path = Assets.xcassets; sourceTree = "<group>"; };
		B3C7C8FD26E75EFA00A5A46C /* Base */ = {isa = PBXFileReference; lastKnownFileType = file.storyboard; name = Base; path = Base.lproj/LaunchScreen.storyboard; sourceTree = "<group>"; };
		B3C7C8FF26E75EFA00A5A46C /* Info.plist */ = {isa = PBXFileReference; lastKnownFileType = text.plist.xml; path = Info.plist; sourceTree = "<group>"; };
		B3C7C90726E7608700A5A46C /* Grade.swift */ = {isa = PBXFileReference; fileEncoding = 4; lastKnownFileType = sourcecode.swift; path = Grade.swift; sourceTree = "<group>"; };
		B3C7C90826E7608700A5A46C /* UKAlevel.json */ = {isa = PBXFileReference; fileEncoding = 4; lastKnownFileType = text.json; path = UKAlevel.json; sourceTree = "<group>"; };
		B3C7C90926E7608700A5A46C /* UKDegreeClassification.json */ = {isa = PBXFileReference; fileEncoding = 4; lastKnownFileType = text.json; path = UKDegreeClassification.json; sourceTree = "<group>"; };
		B3C7C90C26E7608700A5A46C /* GenericComponentState.swift */ = {isa = PBXFileReference; fileEncoding = 4; lastKnownFileType = sourcecode.swift; path = GenericComponentState.swift; sourceTree = "<group>"; };
		B3C7C90D26E7608700A5A46C /* ComponentState.swift */ = {isa = PBXFileReference; fileEncoding = 4; lastKnownFileType = sourcecode.swift; path = ComponentState.swift; sourceTree = "<group>"; };
		B3C7C90E26E7608700A5A46C /* ModuleComponentState.swift */ = {isa = PBXFileReference; fileEncoding = 4; lastKnownFileType = sourcecode.swift; path = ModuleComponentState.swift; sourceTree = "<group>"; };
		B3C7C90F26E7608700A5A46C /* AssessmentComponentState.swift */ = {isa = PBXFileReference; fileEncoding = 4; lastKnownFileType = sourcecode.swift; path = AssessmentComponentState.swift; sourceTree = "<group>"; };
		B3C7C91126E7608700A5A46C /* AcademicSession.swift */ = {isa = PBXFileReference; fileEncoding = 4; lastKnownFileType = sourcecode.swift; path = AcademicSession.swift; sourceTree = "<group>"; };
		B3C7C91226E7608700A5A46C /* AggregationComponent.swift */ = {isa = PBXFileReference; fileEncoding = 4; lastKnownFileType = sourcecode.swift; path = AggregationComponent.swift; sourceTree = "<group>"; };
		B3C7C91326E7608700A5A46C /* StudyComponent.swift */ = {isa = PBXFileReference; fileEncoding = 4; lastKnownFileType = sourcecode.swift; path = StudyComponent.swift; sourceTree = "<group>"; };
		B3C7C91426E7608700A5A46C /* Assessment.swift */ = {isa = PBXFileReference; fileEncoding = 4; lastKnownFileType = sourcecode.swift; path = Assessment.swift; sourceTree = "<group>"; };
		B3C7C91526E7608700A5A46C /* Module.swift */ = {isa = PBXFileReference; fileEncoding = 4; lastKnownFileType = sourcecode.swift; path = Module.swift; sourceTree = "<group>"; };
		B3C7C91726E7608700A5A46C /* Exam.swift */ = {isa = PBXFileReference; fileEncoding = 4; lastKnownFileType = sourcecode.swift; path = Exam.swift; sourceTree = "<group>"; };
		B3C7C91826E7608700A5A46C /* Quiz.swift */ = {isa = PBXFileReference; fileEncoding = 4; lastKnownFileType = sourcecode.swift; path = Quiz.swift; sourceTree = "<group>"; };
		B3C7C91926E7608700A5A46C /* Institution.swift */ = {isa = PBXFileReference; fileEncoding = 4; lastKnownFileType = sourcecode.swift; path = Institution.swift; sourceTree = "<group>"; };
		B3C7C91B26E7608700A5A46C /* ComponentError.swift */ = {isa = PBXFileReference; fileEncoding = 4; lastKnownFileType = sourcecode.swift; path = ComponentError.swift; sourceTree = "<group>"; };
		B3C7C91C26E7608700A5A46C /* GradingError.swift */ = {isa = PBXFileReference; fileEncoding = 4; lastKnownFileType = sourcecode.swift; path = GradingError.swift; sourceTree = "<group>"; };
		B3C7C91D26E7608700A5A46C /* ModuleError.swift */ = {isa = PBXFileReference; fileEncoding = 4; lastKnownFileType = sourcecode.swift; path = ModuleError.swift; sourceTree = "<group>"; };
		B3C7C91F26E7608700A5A46C /* ModuleTableViewCell.xib */ = {isa = PBXFileReference; fileEncoding = 4; lastKnownFileType = file.xib; path = ModuleTableViewCell.xib; sourceTree = "<group>"; };
		B3C7C92026E7608700A5A46C /* CustomButton.swift */ = {isa = PBXFileReference; fileEncoding = 4; lastKnownFileType = sourcecode.swift; path = CustomButton.swift; sourceTree = "<group>"; };
		B3C7C92326E7608700A5A46C /* ModuleTableViewCell.swift */ = {isa = PBXFileReference; fileEncoding = 4; lastKnownFileType = sourcecode.swift; path = ModuleTableViewCell.swift; sourceTree = "<group>"; };
		B3C7C92426E7608700A5A46C /* HeaderTableViewCell.xib */ = {isa = PBXFileReference; fileEncoding = 4; lastKnownFileType = file.xib; path = HeaderTableViewCell.xib; sourceTree = "<group>"; };
		B3C7C92526E7608700A5A46C /* HeaderTableViewCell.swift */ = {isa = PBXFileReference; fileEncoding = 4; lastKnownFileType = sourcecode.swift; path = HeaderTableViewCell.swift; sourceTree = "<group>"; };
		B3C7C92826E7608700A5A46C /* ModuleSummaryViewController.swift */ = {isa = PBXFileReference; fileEncoding = 4; lastKnownFileType = sourcecode.swift; path = ModuleSummaryViewController.swift; sourceTree = "<group>"; };
		B3C7C92926E7608700A5A46C /* ModulesViewController.swift */ = {isa = PBXFileReference; fileEncoding = 4; lastKnownFileType = sourcecode.swift; path = ModulesViewController.swift; sourceTree = "<group>"; };
		B3C7C94626E7614000A5A46C /* Base */ = {isa = PBXFileReference; lastKnownFileType = file.storyboard; name = Base; path = SaveMyGrades/Base.lproj/Main.storyboard; sourceTree = SOURCE_ROOT; };
		B3C7C95626E7982100A5A46C /* GradingMethod.swift */ = {isa = PBXFileReference; lastKnownFileType = sourcecode.swift; path = GradingMethod.swift; sourceTree = "<group>"; };
		B3C7C95926E79E8100A5A46C /* RussiaFivePointsSystem.json */ = {isa = PBXFileReference; lastKnownFileType = text.json; path = RussiaFivePointsSystem.json; sourceTree = "<group>"; xcLanguageSpecificationIdentifier = xcode.lang.json; };
/* End PBXFileReference section */

/* Begin PBXFrameworksBuildPhase section */
		B3C7C8EB26E75EF900A5A46C /* Frameworks */ = {
			isa = PBXFrameworksBuildPhase;
			buildActionMask = 2147483647;
			files = (
			);
			runOnlyForDeploymentPostprocessing = 0;
		};
/* End PBXFrameworksBuildPhase section */

/* Begin PBXGroup section */
		B3C7C8E526E75EF900A5A46C = {
			isa = PBXGroup;
			children = (
				B3C7C8F026E75EF900A5A46C /* SaveMyGrades */,
				B3C7C8EF26E75EF900A5A46C /* Products */,
			);
			sourceTree = "<group>";
		};
		B3C7C8EF26E75EF900A5A46C /* Products */ = {
			isa = PBXGroup;
			children = (
				B3C7C8EE26E75EF900A5A46C /* SaveMyGrades.app */,
			);
			name = Products;
			sourceTree = "<group>";
		};
		B3C7C8F026E75EF900A5A46C /* SaveMyGrades */ = {
			isa = PBXGroup;
			children = (
				B3C7C92626E7608700A5A46C /* Controllers */,
				B3C7C90526E7608700A5A46C /* Models */,
				B3C7C91E26E7608700A5A46C /* Views */,
				B3C7C8F126E75EF900A5A46C /* AppDelegate.swift */,
				B3C7C8F326E75EF900A5A46C /* SceneDelegate.swift */,
				B3C7C8FA26E75EFA00A5A46C /* Assets.xcassets */,
				B3C7C8FC26E75EFA00A5A46C /* LaunchScreen.storyboard */,
				B3C7C8FF26E75EFA00A5A46C /* Info.plist */,
			);
			path = SaveMyGrades;
			sourceTree = "<group>";
		};
		B3C7C90526E7608700A5A46C /* Models */ = {
			isa = PBXGroup;
			children = (
				B3C7C90626E7608700A5A46C /* Grades */,
				B3C7C90B26E7608700A5A46C /* ComponentStates */,
				B3C7C91026E7608700A5A46C /* StudyComponents */,
				B3C7C91926E7608700A5A46C /* Institution.swift */,
				B3C7C91A26E7608700A5A46C /* Errors */,
			);
			path = Models;
			sourceTree = "<group>";
		};
		B3C7C90626E7608700A5A46C /* Grades */ = {
			isa = PBXGroup;
			children = (
				B3C7C90726E7608700A5A46C /* Grade.swift */,
				B3C7C95626E7982100A5A46C /* GradingMethod.swift */,
				B3C7C95826E798ED00A5A46C /* GradingMethods */,
			);
			path = Grades;
			sourceTree = "<group>";
		};
		B3C7C90B26E7608700A5A46C /* ComponentStates */ = {
			isa = PBXGroup;
			children = (
				B3C7C90C26E7608700A5A46C /* GenericComponentState.swift */,
				B3C7C90D26E7608700A5A46C /* ComponentState.swift */,
				B3C7C90E26E7608700A5A46C /* ModuleComponentState.swift */,
				B3C7C90F26E7608700A5A46C /* AssessmentComponentState.swift */,
			);
			path = ComponentStates;
			sourceTree = "<group>";
		};
		B3C7C91026E7608700A5A46C /* StudyComponents */ = {
			isa = PBXGroup;
			children = (
				B3C7C91126E7608700A5A46C /* AcademicSession.swift */,
				B3C7C91226E7608700A5A46C /* AggregationComponent.swift */,
				B3C7C91326E7608700A5A46C /* StudyComponent.swift */,
				B3C7C91426E7608700A5A46C /* Assessment.swift */,
				B3C7C91526E7608700A5A46C /* Module.swift */,
				B3C7C91626E7608700A5A46C /* AssessmentTypes */,
			);
			path = StudyComponents;
			sourceTree = "<group>";
		};
		B3C7C91626E7608700A5A46C /* AssessmentTypes */ = {
			isa = PBXGroup;
			children = (
				B3C7C91726E7608700A5A46C /* Exam.swift */,
				B3C7C91826E7608700A5A46C /* Quiz.swift */,
			);
			path = AssessmentTypes;
			sourceTree = "<group>";
		};
		B3C7C91A26E7608700A5A46C /* Errors */ = {
			isa = PBXGroup;
			children = (
				B3C7C91B26E7608700A5A46C /* ComponentError.swift */,
				B3C7C91C26E7608700A5A46C /* GradingError.swift */,
				B3C7C91D26E7608700A5A46C /* ModuleError.swift */,
			);
			path = Errors;
			sourceTree = "<group>";
		};
		B3C7C91E26E7608700A5A46C /* Views */ = {
			isa = PBXGroup;
			children = (
				B3C7C91F26E7608700A5A46C /* ModuleTableViewCell.xib */,
				B3C7C92026E7608700A5A46C /* CustomButton.swift */,
				B3C7C94526E7614000A5A46C /* Main.storyboard */,
				B3C7C92326E7608700A5A46C /* ModuleTableViewCell.swift */,
				B3C7C92426E7608700A5A46C /* HeaderTableViewCell.xib */,
				B3C7C92526E7608700A5A46C /* HeaderTableViewCell.swift */,
			);
			path = Views;
			sourceTree = "<group>";
		};
		B3C7C92626E7608700A5A46C /* Controllers */ = {
			isa = PBXGroup;
			children = (
				B3C7C92726E7608700A5A46C /* ModulesTab */,
			);
			path = Controllers;
			sourceTree = "<group>";
		};
		B3C7C92726E7608700A5A46C /* ModulesTab */ = {
			isa = PBXGroup;
			children = (
				B3C7C92826E7608700A5A46C /* ModuleSummaryViewController.swift */,
				B3C7C92926E7608700A5A46C /* ModulesViewController.swift */,
			);
			path = ModulesTab;
			sourceTree = "<group>";
		};
		B3C7C95826E798ED00A5A46C /* GradingMethods */ = {
			isa = PBXGroup;
			children = (
				B3C7C90826E7608700A5A46C /* UKAlevel.json */,
				B3C7C90926E7608700A5A46C /* UKDegreeClassification.json */,
				B3C7C95926E79E8100A5A46C /* RussiaFivePointsSystem.json */,
			);
			path = GradingMethods;
			sourceTree = "<group>";
		};
/* End PBXGroup section */

/* Begin PBXNativeTarget section */
		B3C7C8ED26E75EF900A5A46C /* SaveMyGrades */ = {
			isa = PBXNativeTarget;
			buildConfigurationList = B3C7C90226E75EFA00A5A46C /* Build configuration list for PBXNativeTarget "SaveMyGrades" */;
			buildPhases = (
				B3C7C8EA26E75EF900A5A46C /* Sources */,
				B3C7C8EB26E75EF900A5A46C /* Frameworks */,
				B3C7C8EC26E75EF900A5A46C /* Resources */,
			);
			buildRules = (
			);
			dependencies = (
			);
			name = SaveMyGrades;
			productName = SaveMyGrades;
			productReference = B3C7C8EE26E75EF900A5A46C /* SaveMyGrades.app */;
			productType = "com.apple.product-type.application";
		};
/* End PBXNativeTarget section */

/* Begin PBXProject section */
		B3C7C8E626E75EF900A5A46C /* Project object */ = {
			isa = PBXProject;
			attributes = {
				LastSwiftUpdateCheck = 1250;
				LastUpgradeCheck = 1250;
				TargetAttributes = {
					B3C7C8ED26E75EF900A5A46C = {
						CreatedOnToolsVersion = 12.5.1;
					};
				};
			};
			buildConfigurationList = B3C7C8E926E75EF900A5A46C /* Build configuration list for PBXProject "SaveMyGrades" */;
			compatibilityVersion = "Xcode 9.3";
			developmentRegion = en;
			hasScannedForEncodings = 0;
			knownRegions = (
				en,
				Base,
			);
			mainGroup = B3C7C8E526E75EF900A5A46C;
			productRefGroup = B3C7C8EF26E75EF900A5A46C /* Products */;
			projectDirPath = "";
			projectRoot = "";
			targets = (
				B3C7C8ED26E75EF900A5A46C /* SaveMyGrades */,
			);
		};
/* End PBXProject section */

/* Begin PBXResourcesBuildPhase section */
		B3C7C8EC26E75EF900A5A46C /* Resources */ = {
			isa = PBXResourcesBuildPhase;
			buildActionMask = 2147483647;
			files = (
				B3C7C94726E7614000A5A46C /* Main.storyboard in Resources */,
				B3C7C92B26E7608700A5A46C /* UKAlevel.json in Resources */,
				B3C7C94126E7608700A5A46C /* HeaderTableViewCell.xib in Resources */,
				B3C7C8FE26E75EFA00A5A46C /* LaunchScreen.storyboard in Resources */,
				B3C7C8FB26E75EFA00A5A46C /* Assets.xcassets in Resources */,
				B3C7C95A26E79E8100A5A46C /* RussiaFivePointsSystem.json in Resources */,
				B3C7C92C26E7608700A5A46C /* UKDegreeClassification.json in Resources */,
				B3C7C93D26E7608700A5A46C /* ModuleTableViewCell.xib in Resources */,
			);
			runOnlyForDeploymentPostprocessing = 0;
		};
/* End PBXResourcesBuildPhase section */

/* Begin PBXSourcesBuildPhase section */
		B3C7C8EA26E75EF900A5A46C /* Sources */ = {
			isa = PBXSourcesBuildPhase;
			buildActionMask = 2147483647;
			files = (
				B3C7C93726E7608700A5A46C /* Exam.swift in Sources */,
				B3C7C94326E7608700A5A46C /* ModuleSummaryViewController.swift in Sources */,
				B3C7C93A26E7608700A5A46C /* ComponentError.swift in Sources */,
				B3C7C95726E7982100A5A46C /* GradingMethod.swift in Sources */,
				B3C7C92E26E7608700A5A46C /* GenericComponentState.swift in Sources */,
				B3C7C93226E7608700A5A46C /* AcademicSession.swift in Sources */,
				B3C7C93E26E7608700A5A46C /* CustomButton.swift in Sources */,
				B3C7C8F226E75EF900A5A46C /* AppDelegate.swift in Sources */,
				B3C7C8F426E75EF900A5A46C /* SceneDelegate.swift in Sources */,
				B3C7C93626E7608700A5A46C /* Module.swift in Sources */,
				B3C7C93926E7608700A5A46C /* Institution.swift in Sources */,
				B3C7C93126E7608700A5A46C /* AssessmentComponentState.swift in Sources */,
				B3C7C94026E7608700A5A46C /* ModuleTableViewCell.swift in Sources */,
				B3C7C92F26E7608700A5A46C /* ComponentState.swift in Sources */,
				B3C7C93326E7608700A5A46C /* AggregationComponent.swift in Sources */,
				B3C7C94426E7608700A5A46C /* ModulesViewController.swift in Sources */,
				B3C7C93B26E7608700A5A46C /* GradingError.swift in Sources */,
				B3C7C92A26E7608700A5A46C /* Grade.swift in Sources */,
				B3C7C93026E7608700A5A46C /* ModuleComponentState.swift in Sources */,
				B3C7C94226E7608700A5A46C /* HeaderTableViewCell.swift in Sources */,
				B3C7C93826E7608700A5A46C /* Quiz.swift in Sources */,
				B3C7C93526E7608700A5A46C /* Assessment.swift in Sources */,
				B3C7C93426E7608700A5A46C /* StudyComponent.swift in Sources */,
				B3C7C93C26E7608700A5A46C /* ModuleError.swift in Sources */,
			);
			runOnlyForDeploymentPostprocessing = 0;
		};
/* End PBXSourcesBuildPhase section */

/* Begin PBXVariantGroup section */
		B3C7C8FC26E75EFA00A5A46C /* LaunchScreen.storyboard */ = {
			isa = PBXVariantGroup;
			children = (
				B3C7C8FD26E75EFA00A5A46C /* Base */,
			);
			name = LaunchScreen.storyboard;
			sourceTree = "<group>";
		};
		B3C7C94526E7614000A5A46C /* Main.storyboard */ = {
			isa = PBXVariantGroup;
			children = (
				B3C7C94626E7614000A5A46C /* Base */,
			);
			name = Main.storyboard;
			sourceTree = "<group>";
		};
/* End PBXVariantGroup section */

/* Begin XCBuildConfiguration section */
		B3C7C90026E75EFA00A5A46C /* Debug */ = {
			isa = XCBuildConfiguration;
			buildSettings = {
				ALWAYS_SEARCH_USER_PATHS = NO;
				CLANG_ANALYZER_NONNULL = YES;
				CLANG_ANALYZER_NUMBER_OBJECT_CONVERSION = YES_AGGRESSIVE;
				CLANG_CXX_LANGUAGE_STANDARD = "gnu++14";
				CLANG_CXX_LIBRARY = "libc++";
				CLANG_ENABLE_MODULES = YES;
				CLANG_ENABLE_OBJC_ARC = YES;
				CLANG_ENABLE_OBJC_WEAK = YES;
				CLANG_WARN_BLOCK_CAPTURE_AUTORELEASING = YES;
				CLANG_WARN_BOOL_CONVERSION = YES;
				CLANG_WARN_COMMA = YES;
				CLANG_WARN_CONSTANT_CONVERSION = YES;
				CLANG_WARN_DEPRECATED_OBJC_IMPLEMENTATIONS = YES;
				CLANG_WARN_DIRECT_OBJC_ISA_USAGE = YES_ERROR;
				CLANG_WARN_DOCUMENTATION_COMMENTS = YES;
				CLANG_WARN_EMPTY_BODY = YES;
				CLANG_WARN_ENUM_CONVERSION = YES;
				CLANG_WARN_INFINITE_RECURSION = YES;
				CLANG_WARN_INT_CONVERSION = YES;
				CLANG_WARN_NON_LITERAL_NULL_CONVERSION = YES;
				CLANG_WARN_OBJC_IMPLICIT_RETAIN_SELF = YES;
				CLANG_WARN_OBJC_LITERAL_CONVERSION = YES;
				CLANG_WARN_OBJC_ROOT_CLASS = YES_ERROR;
				CLANG_WARN_QUOTED_INCLUDE_IN_FRAMEWORK_HEADER = YES;
				CLANG_WARN_RANGE_LOOP_ANALYSIS = YES;
				CLANG_WARN_STRICT_PROTOTYPES = YES;
				CLANG_WARN_SUSPICIOUS_MOVE = YES;
				CLANG_WARN_UNGUARDED_AVAILABILITY = YES_AGGRESSIVE;
				CLANG_WARN_UNREACHABLE_CODE = YES;
				CLANG_WARN__DUPLICATE_METHOD_MATCH = YES;
				COPY_PHASE_STRIP = NO;
				DEBUG_INFORMATION_FORMAT = dwarf;
				ENABLE_STRICT_OBJC_MSGSEND = YES;
				ENABLE_TESTABILITY = YES;
				GCC_C_LANGUAGE_STANDARD = gnu11;
				GCC_DYNAMIC_NO_PIC = NO;
				GCC_NO_COMMON_BLOCKS = YES;
				GCC_OPTIMIZATION_LEVEL = 0;
				GCC_PREPROCESSOR_DEFINITIONS = (
					"DEBUG=1",
					"$(inherited)",
				);
				GCC_WARN_64_TO_32_BIT_CONVERSION = YES;
				GCC_WARN_ABOUT_RETURN_TYPE = YES_ERROR;
				GCC_WARN_UNDECLARED_SELECTOR = YES;
				GCC_WARN_UNINITIALIZED_AUTOS = YES_AGGRESSIVE;
				GCC_WARN_UNUSED_FUNCTION = YES;
				GCC_WARN_UNUSED_VARIABLE = YES;
				IPHONEOS_DEPLOYMENT_TARGET = 14.5;
				MTL_ENABLE_DEBUG_INFO = INCLUDE_SOURCE;
				MTL_FAST_MATH = YES;
				ONLY_ACTIVE_ARCH = YES;
				SDKROOT = iphoneos;
				SWIFT_ACTIVE_COMPILATION_CONDITIONS = DEBUG;
				SWIFT_OPTIMIZATION_LEVEL = "-Onone";
			};
			name = Debug;
		};
		B3C7C90126E75EFA00A5A46C /* Release */ = {
			isa = XCBuildConfiguration;
			buildSettings = {
				ALWAYS_SEARCH_USER_PATHS = NO;
				CLANG_ANALYZER_NONNULL = YES;
				CLANG_ANALYZER_NUMBER_OBJECT_CONVERSION = YES_AGGRESSIVE;
				CLANG_CXX_LANGUAGE_STANDARD = "gnu++14";
				CLANG_CXX_LIBRARY = "libc++";
				CLANG_ENABLE_MODULES = YES;
				CLANG_ENABLE_OBJC_ARC = YES;
				CLANG_ENABLE_OBJC_WEAK = YES;
				CLANG_WARN_BLOCK_CAPTURE_AUTORELEASING = YES;
				CLANG_WARN_BOOL_CONVERSION = YES;
				CLANG_WARN_COMMA = YES;
				CLANG_WARN_CONSTANT_CONVERSION = YES;
				CLANG_WARN_DEPRECATED_OBJC_IMPLEMENTATIONS = YES;
				CLANG_WARN_DIRECT_OBJC_ISA_USAGE = YES_ERROR;
				CLANG_WARN_DOCUMENTATION_COMMENTS = YES;
				CLANG_WARN_EMPTY_BODY = YES;
				CLANG_WARN_ENUM_CONVERSION = YES;
				CLANG_WARN_INFINITE_RECURSION = YES;
				CLANG_WARN_INT_CONVERSION = YES;
				CLANG_WARN_NON_LITERAL_NULL_CONVERSION = YES;
				CLANG_WARN_OBJC_IMPLICIT_RETAIN_SELF = YES;
				CLANG_WARN_OBJC_LITERAL_CONVERSION = YES;
				CLANG_WARN_OBJC_ROOT_CLASS = YES_ERROR;
				CLANG_WARN_QUOTED_INCLUDE_IN_FRAMEWORK_HEADER = YES;
				CLANG_WARN_RANGE_LOOP_ANALYSIS = YES;
				CLANG_WARN_STRICT_PROTOTYPES = YES;
				CLANG_WARN_SUSPICIOUS_MOVE = YES;
				CLANG_WARN_UNGUARDED_AVAILABILITY = YES_AGGRESSIVE;
				CLANG_WARN_UNREACHABLE_CODE = YES;
				CLANG_WARN__DUPLICATE_METHOD_MATCH = YES;
				COPY_PHASE_STRIP = NO;
				DEBUG_INFORMATION_FORMAT = "dwarf-with-dsym";
				ENABLE_NS_ASSERTIONS = NO;
				ENABLE_STRICT_OBJC_MSGSEND = YES;
				GCC_C_LANGUAGE_STANDARD = gnu11;
				GCC_NO_COMMON_BLOCKS = YES;
				GCC_WARN_64_TO_32_BIT_CONVERSION = YES;
				GCC_WARN_ABOUT_RETURN_TYPE = YES_ERROR;
				GCC_WARN_UNDECLARED_SELECTOR = YES;
				GCC_WARN_UNINITIALIZED_AUTOS = YES_AGGRESSIVE;
				GCC_WARN_UNUSED_FUNCTION = YES;
				GCC_WARN_UNUSED_VARIABLE = YES;
				IPHONEOS_DEPLOYMENT_TARGET = 14.5;
				MTL_ENABLE_DEBUG_INFO = NO;
				MTL_FAST_MATH = YES;
				SDKROOT = iphoneos;
				SWIFT_COMPILATION_MODE = wholemodule;
				SWIFT_OPTIMIZATION_LEVEL = "-O";
				VALIDATE_PRODUCT = YES;
			};
			name = Release;
		};
		B3C7C90326E75EFA00A5A46C /* Debug */ = {
			isa = XCBuildConfiguration;
			buildSettings = {
				ASSETCATALOG_COMPILER_APPICON_NAME = AppIcon;
				ASSETCATALOG_COMPILER_GLOBAL_ACCENT_COLOR_NAME = AccentColor;
				CODE_SIGN_STYLE = Automatic;
				DEVELOPMENT_TEAM = 44VWPY85CN;
				INFOPLIST_FILE = SaveMyGrades/Info.plist;
				IPHONEOS_DEPLOYMENT_TARGET = 13.0;
				LD_RUNPATH_SEARCH_PATHS = (
					"$(inherited)",
					"@executable_path/Frameworks",
				);
				PRODUCT_BUNDLE_IDENTIFIER = com.leogold.SaveMyGrades;
				PRODUCT_NAME = "$(TARGET_NAME)";
				SWIFT_VERSION = 5.0;
				TARGETED_DEVICE_FAMILY = "1,2";
			};
			name = Debug;
		};
		B3C7C90426E75EFA00A5A46C /* Release */ = {
			isa = XCBuildConfiguration;
			buildSettings = {
				ASSETCATALOG_COMPILER_APPICON_NAME = AppIcon;
				ASSETCATALOG_COMPILER_GLOBAL_ACCENT_COLOR_NAME = AccentColor;
				CODE_SIGN_STYLE = Automatic;
				DEVELOPMENT_TEAM = 44VWPY85CN;
				INFOPLIST_FILE = SaveMyGrades/Info.plist;
				IPHONEOS_DEPLOYMENT_TARGET = 13.0;
				LD_RUNPATH_SEARCH_PATHS = (
					"$(inherited)",
					"@executable_path/Frameworks",
				);
				PRODUCT_BUNDLE_IDENTIFIER = com.leogold.SaveMyGrades;
				PRODUCT_NAME = "$(TARGET_NAME)";
				SWIFT_VERSION = 5.0;
				TARGETED_DEVICE_FAMILY = "1,2";
			};
			name = Release;
		};
/* End XCBuildConfiguration section */

/* Begin XCConfigurationList section */
		B3C7C8E926E75EF900A5A46C /* Build configuration list for PBXProject "SaveMyGrades" */ = {
			isa = XCConfigurationList;
			buildConfigurations = (
				B3C7C90026E75EFA00A5A46C /* Debug */,
				B3C7C90126E75EFA00A5A46C /* Release */,
			);
			defaultConfigurationIsVisible = 0;
			defaultConfigurationName = Release;
		};
		B3C7C90226E75EFA00A5A46C /* Build configuration list for PBXNativeTarget "SaveMyGrades" */ = {
			isa = XCConfigurationList;
			buildConfigurations = (
				B3C7C90326E75EFA00A5A46C /* Debug */,
				B3C7C90426E75EFA00A5A46C /* Release */,
			);
			defaultConfigurationIsVisible = 0;
			defaultConfigurationName = Release;
		};
/* End XCConfigurationList section */
	};
	rootObject = B3C7C8E626E75EF900A5A46C /* Project object */;
}
